<?xml version="1.0" encoding="utf-8"?>
<Project ToolsVersion="4.0" xmlns="http://schemas.microsoft.com/developer/msbuild/2003">
  <ItemGroup>
    <Filter Include="macho">
      <UniqueIdentifier>{df2b8917-757a-458c-8015-c333e61b76f4}</UniqueIdentifier>
    </Filter>
    <Filter Include="utility">
      <UniqueIdentifier>{95ff2dd1-e40f-482e-8ddb-96987970700d}</UniqueIdentifier>
    </Filter>
    <Filter Include="utility\zip">
      <UniqueIdentifier>{874f297a-c6fc-4817-af48-abaf05049742}</UniqueIdentifier>
    </Filter>
    <Filter Include="utility\crypto">
      <UniqueIdentifier>{fa47b83a-de88-4af1-a63f-c2b96b119f91}</UniqueIdentifier>
    </Filter>
    <Filter Include="utility\crypto\sha">
      <UniqueIdentifier>{8c3313ef-bb82-498f-8df9-1d673d57ae1e}</UniqueIdentifier>
    </Filter>
    <Filter Include="libiberty">
      <UniqueIdentifier>{d7c110cb-d4b1-46f1-8eb9-a168fa528a65}</UniqueIdentifier>
    </Filter>
    <Filter Include="dwarf">
      <UniqueIdentifier>{e1c10d6d-291f-416a-b935-f8ac97a6655c}</UniqueIdentifier>
    </Filter>
    <Filter Include="dwarf\utility">
      <UniqueIdentifier>{aec2cb2b-9c2b-4590-bd23-26e4ffd8c357}</UniqueIdentifier>
    </Filter>
    <Filter Include="base">
      <UniqueIdentifier>{28b0859c-259f-4e89-bde6-46d55647354b}</UniqueIdentifier>
    </Filter>
    <Filter Include="io">
      <UniqueIdentifier>{e4aea827-3b88-4058-899d-0a1bfbd86b5f}</UniqueIdentifier>
    </Filter>
    <Filter Include="utility\rapidjson">
      <UniqueIdentifier>{170d3745-f265-4639-8c9d-20cf4c61814f}</UniqueIdentifier>
    </Filter>
  </ItemGroup>
  <ItemGroup>
    <ClInclude Include="macho\CDyLib.h">
      <Filter>macho</Filter>
    </ClInclude>
    <ClInclude Include="macho\CFAT.h">
      <Filter>macho</Filter>
    </ClInclude>
    <ClInclude Include="macho\CFATArch.h">
      <Filter>macho</Filter>
    </ClInclude>
    <ClInclude Include="macho\CMachO.h">
      <Filter>macho</Filter>
    </ClInclude>
    <ClInclude Include="macho\CSection.h">
      <Filter>macho</Filter>
    </ClInclude>
    <ClInclude Include="macho\CSegment.h">
      <Filter>macho</Filter>
    </ClInclude>
    <ClInclude Include="macho\CSymbol.h">
      <Filter>macho</Filter>
    </ClInclude>
    <ClInclude Include="macho\CSymbolTable.h">
      <Filter>macho</Filter>
    </ClInclude>
    <ClInclude Include="macho\ECPUSubTypes.h">
      <Filter>macho</Filter>
    </ClInclude>
    <ClInclude Include="ECPUTypes.h">
      <Filter>macho</Filter>
    </ClInclude>
    <ClInclude Include="macho\EFileTypes.h">
      <Filter>macho</Filter>
    </ClInclude>
    <ClInclude Include="macho\ELoadCommands.h">
      <Filter>macho</Filter>
    </ClInclude>
    <ClInclude Include="macho\EMagic.h">
      <Filter>macho</Filter>
    </ClInclude>
    <ClInclude Include="macho\MachO.h">
      <Filter>macho</Filter>
    </ClInclude>
    <ClInclude Include="macho\MachOWrite.hpp">
      <Filter>macho</Filter>
    </ClInclude>
    <ClInclude Include="macho\UUID.h">
      <Filter>macho</Filter>
    </ClInclude>
    <ClInclude Include="utility\CConsole.h">
      <Filter>utility</Filter>
    </ClInclude>
    <ClInclude Include="utility\CDirectory.h">
      <Filter>utility</Filter>
    </ClInclude>
    <ClInclude Include="utility\CMachOApplication.h">
      <Filter>utility</Filter>
    </ClInclude>
    <ClInclude Include="utility\CMachOCrashLog.h">
      <Filter>utility</Filter>
    </ClInclude>
    <ClInclude Include="utility\CMachODSym.h">
      <Filter>utility</Filter>
    </ClInclude>
    <ClInclude Include="utility\CMachODyLib.h">
      <Filter>utility</Filter>
    </ClInclude>
    <ClInclude Include="utility\CNameResolverByAddress.hpp">
      <Filter>utility</Filter>
    </ClInclude>
    <ClInclude Include="utility\CSearchMachO.h">
      <Filter>utility</Filter>
    </ClInclude>
    <ClInclude Include="utility\demangler.hpp">
      <Filter>utility</Filter>
    </ClInclude>
    <ClInclude Include="utility\MachOBuilder.h">
      <Filter>utility</Filter>
    </ClInclude>
    <ClInclude Include="utility\SmallVector.h">
      <Filter>utility</Filter>
    </ClInclude>
    <ClInclude Include="utility\string_tools.hpp">
      <Filter>utility</Filter>
    </ClInclude>
    <ClInclude Include="utility\type_traits.h">
      <Filter>utility</Filter>
    </ClInclude>
    <ClInclude Include="utility\zip\SymbolsPack.h">
      <Filter>utility\zip</Filter>
    </ClInclude>
    <ClInclude Include="utility\zip\ZMachOPack.h">
      <Filter>utility\zip</Filter>
    </ClInclude>
    <ClInclude Include="utility\zip\ztools.h">
      <Filter>utility\zip</Filter>
    </ClInclude>
    <ClInclude Include="utility\crypto\sha\sha.h">
      <Filter>utility\crypto\sha</Filter>
    </ClInclude>
    <ClInclude Include="libiberty\ansidecl.h">
      <Filter>libiberty</Filter>
    </ClInclude>
    <ClInclude Include="libiberty\config.h">
      <Filter>libiberty</Filter>
    </ClInclude>
    <ClInclude Include="libiberty\cp-demangle.h">
      <Filter>libiberty</Filter>
    </ClInclude>
    <ClInclude Include="libiberty\demangle.h">
      <Filter>libiberty</Filter>
    </ClInclude>
    <ClInclude Include="libiberty\dwarf2.h">
      <Filter>libiberty</Filter>
    </ClInclude>
    <ClInclude Include="libiberty\libiberty.h">
      <Filter>libiberty</Filter>
    </ClInclude>
    <ClInclude Include="libiberty\safe-ctype.h">
      <Filter>libiberty</Filter>
    </ClInclude>
    <ClInclude Include="dwarf\CDWARFAbbreviationTable.h">
      <Filter>dwarf</Filter>
    </ClInclude>
    <ClInclude Include="dwarf\CDWARFAggregator.h">
      <Filter>dwarf</Filter>
    </ClInclude>
    <ClInclude Include="dwarf\CDWARFArangeTable.h">
      <Filter>dwarf</Filter>
    </ClInclude>
    <ClInclude Include="dwarf\CDWARFCompileUnit.h">
      <Filter>dwarf</Filter>
    </ClInclude>
    <ClInclude Include="dwarf\CDWARFCompileUnitTable.h">
      <Filter>dwarf</Filter>
    </ClInclude>
    <ClInclude Include="dwarf\CDWARFDebugInfoEntry.h">
      <Filter>dwarf</Filter>
    </ClInclude>
    <ClInclude Include="dwarf\CDWARFDebugLine.h">
      <Filter>dwarf</Filter>
    </ClInclude>
    <ClInclude Include="dwarf\CDWARFFormValue.h">
      <Filter>dwarf</Filter>
    </ClInclude>
    <ClInclude Include="dwarf\CDWARFRangeTable.h">
      <Filter>dwarf</Filter>
    </ClInclude>
    <ClInclude Include="dwarf\DWARFTypes.h">
      <Filter>dwarf</Filter>
    </ClInclude>
    <ClInclude Include="dwarf\EDWARF.h">
      <Filter>dwarf</Filter>
    </ClInclude>
    <ClInclude Include="dwarf\IDWARFNameResolverByAddress.h">
      <Filter>dwarf</Filter>
    </ClInclude>
    <ClInclude Include="dwarf\utility\CDWARFRangeResolver.hpp">
      <Filter>dwarf\utility</Filter>
    </ClInclude>
    <ClInclude Include="base\base.h">
      <Filter>base</Filter>
    </ClInclude>
    <ClInclude Include="base\Loadable.h">
      <Filter>base</Filter>
    </ClInclude>
    <ClInclude Include="macho_errors.h">
      <Filter>base</Filter>
    </ClInclude>
    <ClInclude Include="io\becodec.hpp">
      <Filter>io</Filter>
    </ClInclude>
    <ClInclude Include="io\io_betype.h">
      <Filter>io</Filter>
    </ClInclude>
    <ClInclude Include="io\io_type.h">
      <Filter>io</Filter>
    </ClInclude>
    <ClInclude Include="io\lecodec.hpp">
      <Filter>io</Filter>
    </ClInclude>
    <ClInclude Include="io\source_of_stream.h">
      <Filter>io</Filter>
    </ClInclude>
    <ClInclude Include="io\stream_base.h">
      <Filter>io</Filter>
    </ClInclude>
    <ClInclude Include="io\stream_cache.hpp">
      <Filter>io</Filter>
    </ClInclude>
    <ClInclude Include="io\stream_file.h">
      <Filter>io</Filter>
    </ClInclude>
    <ClInclude Include="io\stream_memory.h">
      <Filter>io</Filter>
    </ClInclude>
    <ClInclude Include="io\substream.h">
      <Filter>io</Filter>
    </ClInclude>
    <ClInclude Include="shared_ptr_alias.hpp" />
    <ClInclude Include="types.h" />
    <ClInclude Include="..\rapidjson\rapidjson\allocators.h">
      <Filter>utility\rapidjson</Filter>
    </ClInclude>
    <ClInclude Include="..\rapidjson\rapidjson\document.h">
      <Filter>utility\rapidjson</Filter>
    </ClInclude>
    <ClInclude Include="..\rapidjson\rapidjson\encodedstream.h">
      <Filter>utility\rapidjson</Filter>
    </ClInclude>
    <ClInclude Include="..\rapidjson\rapidjson\encodings.h">
      <Filter>utility\rapidjson</Filter>
    </ClInclude>
    <ClInclude Include="..\rapidjson\rapidjson\error\en.h">
      <Filter>utility\rapidjson</Filter>
    </ClInclude>
    <ClInclude Include="..\rapidjson\rapidjson\error\error.h">
      <Filter>utility\rapidjson</Filter>
    </ClInclude>
    <ClInclude Include="..\rapidjson\rapidjson\filereadstream.h">
      <Filter>utility\rapidjson</Filter>
    </ClInclude>
    <ClInclude Include="..\rapidjson\rapidjson\filestream.h">
      <Filter>utility\rapidjson</Filter>
    </ClInclude>
    <ClInclude Include="..\rapidjson\rapidjson\filewritestream.h">
      <Filter>utility\rapidjson</Filter>
    </ClInclude>
    <ClInclude Include="..\rapidjson\rapidjson\fwd.h">
      <Filter>utility\rapidjson</Filter>
    </ClInclude>
    <ClInclude Include="..\rapidjson\rapidjson\internal\biginteger.h">
      <Filter>utility\rapidjson</Filter>
    </ClInclude>
    <ClInclude Include="..\rapidjson\rapidjson\internal\diyfp.h">
      <Filter>utility\rapidjson</Filter>
    </ClInclude>
    <ClInclude Include="..\rapidjson\rapidjson\internal\dtoa.h">
      <Filter>utility\rapidjson</Filter>
    </ClInclude>
    <ClInclude Include="..\rapidjson\rapidjson\internal\fpconv.h">
      <Filter>utility\rapidjson</Filter>
    </ClInclude>
    <ClInclude Include="..\rapidjson\rapidjson\internal\ieee754.h">
      <Filter>utility\rapidjson</Filter>
    </ClInclude>
    <ClInclude Include="..\rapidjson\rapidjson\internal\itoa.h">
      <Filter>utility\rapidjson</Filter>
    </ClInclude>
    <ClInclude Include="..\rapidjson\rapidjson\internal\meta.h">
      <Filter>utility\rapidjson</Filter>
    </ClInclude>
    <ClInclude Include="..\rapidjson\rapidjson\internal\pow10.h">
      <Filter>utility\rapidjson</Filter>
    </ClInclude>
    <ClInclude Include="..\rapidjson\rapidjson\internal\powers.h">
      <Filter>utility\rapidjson</Filter>
    </ClInclude>
    <ClInclude Include="..\rapidjson\rapidjson\internal\regex.h">
      <Filter>utility\rapidjson</Filter>
    </ClInclude>
    <ClInclude Include="..\rapidjson\rapidjson\internal\stack.h">
      <Filter>utility\rapidjson</Filter>
    </ClInclude>
    <ClInclude Include="..\rapidjson\rapidjson\internal\strfunc.h">
      <Filter>utility\rapidjson</Filter>
    </ClInclude>
    <ClInclude Include="..\rapidjson\rapidjson\internal\strtod.h">
      <Filter>utility\rapidjson</Filter>
    </ClInclude>
    <ClInclude Include="..\rapidjson\rapidjson\internal\swap.h">
      <Filter>utility\rapidjson</Filter>
    </ClInclude>
    <ClInclude Include="..\rapidjson\rapidjson\istreamwrapper.h">
      <Filter>utility\rapidjson</Filter>
    </ClInclude>
    <ClInclude Include="..\rapidjson\rapidjson\memorybuffer.h">
      <Filter>utility\rapidjson</Filter>
    </ClInclude>
    <ClInclude Include="..\rapidjson\rapidjson\memorystream.h">
      <Filter>utility\rapidjson</Filter>
    </ClInclude>
    <ClInclude Include="..\rapidjson\rapidjson\msinttypes\inttypes.h">
      <Filter>utility\rapidjson</Filter>
    </ClInclude>
    <ClInclude Include="..\rapidjson\rapidjson\msinttypes\stdint.h">
      <Filter>utility\rapidjson</Filter>
    </ClInclude>
    <ClInclude Include="..\rapidjson\rapidjson\ostreamwrapper.h">
      <Filter>utility\rapidjson</Filter>
    </ClInclude>
    <ClInclude Include="..\rapidjson\rapidjson\pointer.h">
      <Filter>utility\rapidjson</Filter>
    </ClInclude>
    <ClInclude Include="..\rapidjson\rapidjson\prettywriter.h">
      <Filter>utility\rapidjson</Filter>
    </ClInclude>
    <ClInclude Include="..\rapidjson\rapidjson\rapidjson.h">
      <Filter>utility\rapidjson</Filter>
    </ClInclude>
    <ClInclude Include="..\rapidjson\rapidjson\reader.h">
      <Filter>utility\rapidjson</Filter>
    </ClInclude>
    <ClInclude Include="..\rapidjson\rapidjson\schema.h">
      <Filter>utility\rapidjson</Filter>
    </ClInclude>
    <ClInclude Include="..\rapidjson\rapidjson\stream.h">
      <Filter>utility\rapidjson</Filter>
    </ClInclude>
    <ClInclude Include="..\rapidjson\rapidjson\stringbuffer.h">
      <Filter>utility\rapidjson</Filter>
    </ClInclude>
    <ClInclude Include="..\rapidjson\rapidjson\writer.h">
      <Filter>utility\rapidjson</Filter>
    </ClInclude>
  </ItemGroup>
  <ItemGroup>
    <ClCompile Include="macho\CFAT.cpp">
      <Filter>macho</Filter>
    </ClCompile>
    <ClCompile Include="macho\CFATArch.cpp">
      <Filter>macho</Filter>
    </ClCompile>
    <ClCompile Include="macho\CMachO.cpp">
      <Filter>macho</Filter>
    </ClCompile>
    <ClCompile Include="macho\CSection.cpp">
      <Filter>macho</Filter>
    </ClCompile>
    <ClCompile Include="macho\CSegment.cpp">
      <Filter>macho</Filter>
    </ClCompile>
    <ClCompile Include="macho\CSymbol.cpp">
      <Filter>macho</Filter>
    </ClCompile>
    <ClCompile Include="macho\CSymbolTable.cpp">
      <Filter>macho</Filter>
    </ClCompile>
    <ClCompile Include="macho\UUID.cpp">
      <Filter>macho</Filter>
    </ClCompile>
    <ClCompile Include="utility\CConsole.cpp">
      <Filter>utility</Filter>
    </ClCompile>
    <ClCompile Include="utility\CDirectory.cpp">
      <Filter>utility</Filter>
    </ClCompile>
    <ClCompile Include="utility\CMachOApplication.cpp">
      <Filter>utility</Filter>
    </ClCompile>
    <ClCompile Include="utility\CMachOCrashLog.cpp">
      <Filter>utility</Filter>
    </ClCompile>
    <ClCompile Include="utility\CMachODSym.cpp">
      <Filter>utility</Filter>
    </ClCompile>
    <ClCompile Include="utility\CMachODyLib.cpp">
      <Filter>utility</Filter>
    </ClCompile>
    <ClCompile Include="utility\CSearchMachO.cpp">
      <Filter>utility</Filter>
    </ClCompile>
    <ClCompile Include="utility\MachOBuilder.cpp">
      <Filter>utility</Filter>
    </ClCompile>
    <ClCompile Include="utility\SmallVector.cpp">
      <Filter>utility</Filter>
    </ClCompile>
    <ClCompile Include="utility\zip\SymbolsPack.cpp">
      <Filter>utility\zip</Filter>
    </ClCompile>
    <ClCompile Include="utility\zip\ZMachOPack.cpp">
      <Filter>utility\zip</Filter>
    </ClCompile>
    <ClCompile Include="utility\zip\ztools.cpp">
      <Filter>utility\zip</Filter>
    </ClCompile>
    <ClCompile Include="utility\crypto\sha\sha.c">
      <Filter>utility\crypto\sha</Filter>
    </ClCompile>
    <ClCompile Include="libiberty\alloca.c">
      <Filter>libiberty</Filter>
    </ClCompile>
    <ClCompile Include="libiberty\cp-demangle.c">
      <Filter>libiberty</Filter>
    </ClCompile>
    <ClCompile Include="libiberty\cp-demint.c">
      <Filter>libiberty</Filter>
    </ClCompile>
    <ClCompile Include="libiberty\cplus-dem.c">
      <Filter>libiberty</Filter>
    </ClCompile>
    <ClCompile Include="libiberty\insque.c">
      <Filter>libiberty</Filter>
    </ClCompile>
    <ClCompile Include="libiberty\safe-ctype.c">
      <Filter>libiberty</Filter>
    </ClCompile>
    <ClCompile Include="libiberty\xexit.c">
      <Filter>libiberty</Filter>
    </ClCompile>
    <ClCompile Include="libiberty\xmalloc.c">
      <Filter>libiberty</Filter>
    </ClCompile>
    <ClCompile Include="libiberty\xmemdup.c">
      <Filter>libiberty</Filter>
    </ClCompile>
    <ClCompile Include="libiberty\xstrdup.c">
      <Filter>libiberty</Filter>
    </ClCompile>
    <ClCompile Include="libiberty\xstrndup.c">
      <Filter>libiberty</Filter>
    </ClCompile>
    <ClCompile Include="dwarf\CDWARFAbbreviationTable.cpp">
      <Filter>dwarf</Filter>
    </ClCompile>
    <ClCompile Include="dwarf\CDWARFAggregator.cpp">
      <Filter>dwarf</Filter>
    </ClCompile>
    <ClCompile Include="dwarf\CDWARFArangeTable.cpp">
      <Filter>dwarf</Filter>
    </ClCompile>
    <ClCompile Include="dwarf\CDWARFCompileUnit.cpp">
      <Filter>dwarf</Filter>
    </ClCompile>
    <ClCompile Include="dwarf\CDWARFCompileUnitTable.cpp">
      <Filter>dwarf</Filter>
    </ClCompile>
    <ClCompile Include="dwarf\CDWARFDebugInfoEntry.cpp">
      <Filter>dwarf</Filter>
    </ClCompile>
    <ClCompile Include="dwarf\CDWARFDebugLine.cpp">
      <Filter>dwarf</Filter>
    </ClCompile>
    <ClCompile Include="dwarf\CDWARFFormValue.cpp">
      <Filter>dwarf</Filter>
    </ClCompile>
    <ClCompile Include="dwarf\CDWARFRangeTable.cpp">
      <Filter>dwarf</Filter>
    </ClCompile>
    <ClCompile Include="base\Loadable.cpp">
      <Filter>base</Filter>
    </ClCompile>
    <ClCompile Include="io\source_of_stream.cpp">
      <Filter>io</Filter>
    </ClCompile>
    <ClCompile Include="io\stream_base.cpp">
      <Filter>io</Filter>
    </ClCompile>
    <ClCompile Include="io\stream_file.cpp">
      <Filter>io</Filter>
    </ClCompile>
    <ClCompile Include="io\stream_memory.cpp">
      <Filter>io</Filter>
    </ClCompile>
    <ClCompile Include="io\substream.cpp">
      <Filter>io</Filter>
    </ClCompile>
  </ItemGroup>
  <ItemGroup>
    <None Include="libiberty\dwarf2.def">
      <Filter>libiberty</Filter>
    </None>
  </ItemGroup>
</Project>